{
    "_readme": [
        "This file locks the dependencies of your project to a known state",
        "Read more about it at https://getcomposer.org/doc/01-basic-usage.md#installing-dependencies",
        "This file is @generated automatically"
    ],
    "content-hash": "f3234107668e9105300b63ce558753a8",
    "packages": [
        {
            "name": "prinx/dotenv",
            "version": "dev-master",
            "source": {
                "type": "git",
                "url": "https://github.com/prinx/dotenv.git",
                "reference": "c713e8da1eca3f496d6855e50ad88315371d632d"
            },
            "dist": {
                "type": "zip",
                "url": "https://api.github.com/repos/prinx/dotenv/zipball/c713e8da1eca3f496d6855e50ad88315371d632d",
                "reference": "c713e8da1eca3f496d6855e50ad88315371d632d",
                "shasum": ""
            },
            "require": {
                "php": ">=5.6.0"
            },
            "require-dev": {
                "phpunit/phpunit": "9.2.5"
            },
            "type": "library",
            "autoload": {
                "files": [
                    "src/env.php",
                    "src/env_namespaced.php"
                ],
                "psr-4": {
                    "Prinx\\Dotenv\\": "src/"
                }
            },
            "notification-url": "https://packagist.org/downloads/",
            "license": [
                "MIT"
            ],
            "authors": [
                {
                    "name": "Prince Damien Dorcis-Akpaglo",
                    "email": "princedorcis@gmail.com",
                    "homepage": "https://github.com/prinx",
                    "role": "Maintainer"
                }
            ],
            "description": "Make easy access to the environment variables in your application",
            "homepage": "https://github.com/prinx/dotenv",
            "keywords": [
                "dotenv",
                "env",
                "phpdotenv"
            ],
            "time": "2020-08-18T10:15:41+00:00"
        },
        {
            "name": "prinx/notify",
            "version": "dev-master",
            "source": {
                "type": "git",
                "url": "https://github.com/prinx/notify.git",
                "reference": "2cc56b55082fcd4c08b056487f3ff8e1a8198c86"
            },
            "dist": {
                "type": "zip",
                "url": "https://api.github.com/repos/prinx/notify/zipball/2cc56b55082fcd4c08b056487f3ff8e1a8198c86",
                "reference": "2cc56b55082fcd4c08b056487f3ff8e1a8198c86",
                "shasum": ""
            },
            "require": {
                "php": ">=5.6.0"
            },
            "require-dev": {
                "phpunit/phpunit": "9.2.5"
            },
            "type": "library",
            "autoload": {
                "psr-4": {
                    "Prinx\\Notify\\": "src/"
                }
            },
            "notification-url": "https://packagist.org/downloads/",
            "license": [
                "MIT"
            ],
            "authors": [
                {
                    "name": "Prince Dorcis",
                    "email": "princedorcis@gmail.com",
                    "homepage": "https://prinx.github.io",
                    "role": "Maintainer"
                }
            ],
            "description": "Simple log package",
            "homepage": "https://github.com/prinx/notify",
            "time": "2020-10-01T10:54:42+00:00"
        },
        {
            "name": "prinx/phputils",
            "version": "dev-master",
            "source": {
                "type": "git",
                "url": "https://github.com/prinx/phputils.git",
                "reference": "cb685347376f0ead28769716d4f53ef0b05f0bba"
            },
            "dist": {
                "type": "zip",
                "url": "https://api.github.com/repos/prinx/phputils/zipball/cb685347376f0ead28769716d4f53ef0b05f0bba",
                "reference": "cb685347376f0ead28769716d4f53ef0b05f0bba",
                "shasum": ""
            },
            "require": {
                "php": ">=5.1.0"
            },
            "type": "library",
            "autoload": {
                "psr-4": {
                    "Prinx\\Utils\\": "src/"
                }
            },
            "notification-url": "https://packagist.org/downloads/",
            "license": [
                "MIT"
            ],
            "authors": [
                {
                    "name": "Prince Damien Dorcis-Akpaglo",
                    "email": "princedorcis@gmail.com",
                    "homepage": "https://github.com/Prinx",
                    "role": "Developer"
                }
            ],
            "description": "PHP Utilities classes",
            "homepage": "https://github.com/Prinx/phputils",
            "keywords": [
                "php",
                "utils"
            ],
            "time": "2020-10-01T10:57:02+00:00"
        }
    ],
    "packages-dev": [],
    "aliases": [],
    "minimum-stability": "dev",
    "stability-flags": {
        "prinx/phputils": 20,
        "prinx/notify": 20,
        "prinx/dotenv": 20
    },
    "prefer-stable": false,
    "prefer-lowest": false,
    "platform": {
        "php": ">=5.6.0"
    },
    "platform-dev": [],
    "plugin-api-version": "1.1.0"
}
